// !$*UTF8*$!
{
	archiveVersion = 1;
	classes = {
	};
	objectVersion = 50;
	objects = {

/* Begin PBXBuildFile section */
		4829860221C6BFCA0058F246 /* AppDelegate.swift in Sources */ = {isa = PBXBuildFile; fileRef = 4829860121C6BFCA0058F246 /* AppDelegate.swift */; };
		4829860421C6BFCA0058F246 /* ViewController.swift in Sources */ = {isa = PBXBuildFile; fileRef = 4829860321C6BFCA0058F246 /* ViewController.swift */; };
		4829860921C6BFCB0058F246 /* Assets.xcassets in Resources */ = {isa = PBXBuildFile; fileRef = 4829860821C6BFCB0058F246 /* Assets.xcassets */; };
		4829860C21C6BFCB0058F246 /* LaunchScreen.storyboard in Resources */ = {isa = PBXBuildFile; fileRef = 4829860A21C6BFCB0058F246 /* LaunchScreen.storyboard */; };
		48CAD73F21C6C14900F10C87 /* FileProviderExtension.swift in Sources */ = {isa = PBXBuildFile; fileRef = 48CAD73E21C6C14900F10C87 /* FileProviderExtension.swift */; };
		48CAD74121C6C14900F10C87 /* FileProviderItem.swift in Sources */ = {isa = PBXBuildFile; fileRef = 48CAD74021C6C14900F10C87 /* FileProviderItem.swift */; };
		48CAD74321C6C14900F10C87 /* FileProviderEnumerator.swift in Sources */ = {isa = PBXBuildFile; fileRef = 48CAD74221C6C14900F10C87 /* FileProviderEnumerator.swift */; };
		48CAD74821C6C14900F10C87 /* Provider.appex in Embed App Extensions */ = {isa = PBXBuildFile; fileRef = 48CAD73C21C6C14900F10C87 /* Provider.appex */; settings = {ATTRIBUTES = (RemoveHeadersOnCopy, ); }; };
		48CAD74F21C6F8D300F10C87 /* String+Additions.swift in Sources */ = {isa = PBXBuildFile; fileRef = 48CAD74E21C6F8D300F10C87 /* String+Additions.swift */; };
		48CAD75021C6F8D300F10C87 /* String+Additions.swift in Sources */ = {isa = PBXBuildFile; fileRef = 48CAD74E21C6F8D300F10C87 /* String+Additions.swift */; };
		48CAD75221C6FB0000F10C87 /* NetworkRequest.swift in Sources */ = {isa = PBXBuildFile; fileRef = 48CAD75121C6FB0000F10C87 /* NetworkRequest.swift */; };
		48CAD75321C6FB0000F10C87 /* NetworkRequest.swift in Sources */ = {isa = PBXBuildFile; fileRef = 48CAD75121C6FB0000F10C87 /* NetworkRequest.swift */; };
		48CAD75521C6FB3E00F10C87 /* NetworkError.swift in Sources */ = {isa = PBXBuildFile; fileRef = 48CAD75421C6FB3E00F10C87 /* NetworkError.swift */; };
		48CAD75621C6FB3E00F10C87 /* NetworkError.swift in Sources */ = {isa = PBXBuildFile; fileRef = 48CAD75421C6FB3E00F10C87 /* NetworkError.swift */; };
		48CAD75821C6FB6800F10C87 /* Dictionary+QueryParams.swift in Sources */ = {isa = PBXBuildFile; fileRef = 48CAD75721C6FB6800F10C87 /* Dictionary+QueryParams.swift */; };
		48CAD75921C6FB6800F10C87 /* Dictionary+QueryParams.swift in Sources */ = {isa = PBXBuildFile; fileRef = 48CAD75721C6FB6800F10C87 /* Dictionary+QueryParams.swift */; };
		48CAD75D21C6FC2400F10C87 /* NetworkClient.swift in Sources */ = {isa = PBXBuildFile; fileRef = 48CAD75C21C6FC2400F10C87 /* NetworkClient.swift */; };
		48CAD75E21C6FC2400F10C87 /* NetworkClient.swift in Sources */ = {isa = PBXBuildFile; fileRef = 48CAD75C21C6FC2400F10C87 /* NetworkClient.swift */; };
		F4CAEEA321C7458A009E677B /* FileInfo.swift in Sources */ = {isa = PBXBuildFile; fileRef = F4CAEEA221C7458A009E677B /* FileInfo.swift */; };
		F4CAEEA421C7458A009E677B /* FileInfo.swift in Sources */ = {isa = PBXBuildFile; fileRef = F4CAEEA221C7458A009E677B /* FileInfo.swift */; };
		F4D3CB6B21CF07B2001582F2 /* FileProviderExtension+Actions.swift in Sources */ = {isa = PBXBuildFile; fileRef = F4D3CB6A21CF07B2001582F2 /* FileProviderExtension+Actions.swift */; };
		F4D3CB6D21CF2EDC001582F2 /* ViewController.xib in Resources */ = {isa = PBXBuildFile; fileRef = F4D3CB6C21CF2EDB001582F2 /* ViewController.xib */; };
/* End PBXBuildFile section */

/* Begin PBXContainerItemProxy section */
		48CAD74621C6C14900F10C87 /* PBXContainerItemProxy */ = {
			isa = PBXContainerItemProxy;
			containerPortal = 482985F621C6BFCA0058F246 /* Project object */;
			proxyType = 1;
			remoteGlobalIDString = 48CAD73B21C6C14900F10C87;
			remoteInfo = Provider;
		};
/* End PBXContainerItemProxy section */

/* Begin PBXCopyFilesBuildPhase section */
		48CAD74C21C6C14900F10C87 /* Embed App Extensions */ = {
			isa = PBXCopyFilesBuildPhase;
			buildActionMask = 2147483647;
			dstPath = "";
			dstSubfolderSpec = 13;
			files = (
				48CAD74821C6C14900F10C87 /* Provider.appex in Embed App Extensions */,
			);
			name = "Embed App Extensions";
			runOnlyForDeploymentPostprocessing = 0;
		};
/* End PBXCopyFilesBuildPhase section */

/* Begin PBXFileReference section */
		482985FE21C6BFCA0058F246 /* Favart.app */ = {isa = PBXFileReference; explicitFileType = wrapper.application; includeInIndex = 0; path = Favart.app; sourceTree = BUILT_PRODUCTS_DIR; };
		4829860121C6BFCA0058F246 /* AppDelegate.swift */ = {isa = PBXFileReference; lastKnownFileType = sourcecode.swift; path = AppDelegate.swift; sourceTree = "<group>"; };
		4829860321C6BFCA0058F246 /* ViewController.swift */ = {isa = PBXFileReference; lastKnownFileType = sourcecode.swift; path = ViewController.swift; sourceTree = "<group>"; };
		4829860821C6BFCB0058F246 /* Assets.xcassets */ = {isa = PBXFileReference; lastKnownFileType = folder.assetcatalog; path = Assets.xcassets; sourceTree = "<group>"; };
		4829860B21C6BFCB0058F246 /* Base */ = {isa = PBXFileReference; lastKnownFileType = file.storyboard; name = Base; path = Base.lproj/LaunchScreen.storyboard; sourceTree = "<group>"; };
		4829860D21C6BFCB0058F246 /* Info.plist */ = {isa = PBXFileReference; lastKnownFileType = text.plist.xml; path = Info.plist; sourceTree = "<group>"; };
		48CAD73C21C6C14900F10C87 /* Provider.appex */ = {isa = PBXFileReference; explicitFileType = "wrapper.app-extension"; includeInIndex = 0; path = Provider.appex; sourceTree = BUILT_PRODUCTS_DIR; };
		48CAD73E21C6C14900F10C87 /* FileProviderExtension.swift */ = {isa = PBXFileReference; lastKnownFileType = sourcecode.swift; path = FileProviderExtension.swift; sourceTree = "<group>"; };
		48CAD74021C6C14900F10C87 /* FileProviderItem.swift */ = {isa = PBXFileReference; lastKnownFileType = sourcecode.swift; path = FileProviderItem.swift; sourceTree = "<group>"; };
		48CAD74221C6C14900F10C87 /* FileProviderEnumerator.swift */ = {isa = PBXFileReference; lastKnownFileType = sourcecode.swift; path = FileProviderEnumerator.swift; sourceTree = "<group>"; };
		48CAD74421C6C14900F10C87 /* Info.plist */ = {isa = PBXFileReference; lastKnownFileType = text.plist.xml; path = Info.plist; sourceTree = "<group>"; };
		48CAD74521C6C14900F10C87 /* Provider.entitlements */ = {isa = PBXFileReference; lastKnownFileType = text.plist.entitlements; path = Provider.entitlements; sourceTree = "<group>"; };
		48CAD74E21C6F8D300F10C87 /* String+Additions.swift */ = {isa = PBXFileReference; lastKnownFileType = sourcecode.swift; path = "String+Additions.swift"; sourceTree = "<group>"; };
		48CAD75121C6FB0000F10C87 /* NetworkRequest.swift */ = {isa = PBXFileReference; lastKnownFileType = sourcecode.swift; path = NetworkRequest.swift; sourceTree = "<group>"; };
		48CAD75421C6FB3E00F10C87 /* NetworkError.swift */ = {isa = PBXFileReference; lastKnownFileType = sourcecode.swift; path = NetworkError.swift; sourceTree = "<group>"; };
		48CAD75721C6FB6800F10C87 /* Dictionary+QueryParams.swift */ = {isa = PBXFileReference; lastKnownFileType = sourcecode.swift; path = "Dictionary+QueryParams.swift"; sourceTree = "<group>"; };
		48CAD75C21C6FC2400F10C87 /* NetworkClient.swift */ = {isa = PBXFileReference; lastKnownFileType = sourcecode.swift; path = NetworkClient.swift; sourceTree = "<group>"; };
		F4CAEEA221C7458A009E677B /* FileInfo.swift */ = {isa = PBXFileReference; lastKnownFileType = sourcecode.swift; path = FileInfo.swift; sourceTree = "<group>"; };
		F4D3CB6A21CF07B2001582F2 /* FileProviderExtension+Actions.swift */ = {isa = PBXFileReference; lastKnownFileType = sourcecode.swift; path = "FileProviderExtension+Actions.swift"; sourceTree = "<group>"; };
		F4D3CB6C21CF2EDB001582F2 /* ViewController.xib */ = {isa = PBXFileReference; lastKnownFileType = file.xib; path = ViewController.xib; sourceTree = "<group>"; };
/* End PBXFileReference section */

/* Begin PBXFrameworksBuildPhase section */
		482985FB21C6BFCA0058F246 /* Frameworks */ = {
			isa = PBXFrameworksBuildPhase;
			buildActionMask = 2147483647;
			files = (
			);
			runOnlyForDeploymentPostprocessing = 0;
		};
		48CAD73921C6C14900F10C87 /* Frameworks */ = {
			isa = PBXFrameworksBuildPhase;
			buildActionMask = 2147483647;
			files = (
			);
			runOnlyForDeploymentPostprocessing = 0;
		};
/* End PBXFrameworksBuildPhase section */

/* Begin PBXGroup section */
		482985F521C6BFCA0058F246 = {
			isa = PBXGroup;
			children = (
				4829860021C6BFCA0058F246 /* Favart */,
				48CAD74D21C6F8B700F10C87 /* Shared */,
				48CAD73D21C6C14900F10C87 /* Provider */,
				482985FF21C6BFCA0058F246 /* Products */,
			);
			sourceTree = "<group>";
		};
		482985FF21C6BFCA0058F246 /* Products */ = {
			isa = PBXGroup;
			children = (
				482985FE21C6BFCA0058F246 /* Favart.app */,
				48CAD73C21C6C14900F10C87 /* Provider.appex */,
			);
			name = Products;
			sourceTree = "<group>";
		};
		4829860021C6BFCA0058F246 /* Favart */ = {
			isa = PBXGroup;
			children = (
				4829860121C6BFCA0058F246 /* AppDelegate.swift */,
				4829860321C6BFCA0058F246 /* ViewController.swift */,
				F4D3CB6C21CF2EDB001582F2 /* ViewController.xib */,
				48CAD73721C6C08000F10C87 /* Supporting Files */,
			);
			path = Favart;
			sourceTree = "<group>";
		};
		48CAD73721C6C08000F10C87 /* Supporting Files */ = {
			isa = PBXGroup;
			children = (
				4829860D21C6BFCB0058F246 /* Info.plist */,
				4829860821C6BFCB0058F246 /* Assets.xcassets */,
				4829860A21C6BFCB0058F246 /* LaunchScreen.storyboard */,
			);
			name = "Supporting Files";
			sourceTree = "<group>";
		};
		48CAD73D21C6C14900F10C87 /* Provider */ = {
			isa = PBXGroup;
			children = (
				48CAD73E21C6C14900F10C87 /* FileProviderExtension.swift */,
				F4D3CB6A21CF07B2001582F2 /* FileProviderExtension+Actions.swift */,
				48CAD74021C6C14900F10C87 /* FileProviderItem.swift */,
				48CAD74221C6C14900F10C87 /* FileProviderEnumerator.swift */,
				48CAD74421C6C14900F10C87 /* Info.plist */,
				48CAD74521C6C14900F10C87 /* Provider.entitlements */,
			);
			path = Provider;
			sourceTree = "<group>";
		};
		48CAD74D21C6F8B700F10C87 /* Shared */ = {
			isa = PBXGroup;
			children = (
				48CAD75C21C6FC2400F10C87 /* NetworkClient.swift */,
				48CAD75B21C6FC0A00F10C87 /* Extensions */,
				F4CAEEA121C74575009E677B /* Models */,
				48CAD75A21C6FBDE00F10C87 /* Networking */,
			);
			path = Shared;
			sourceTree = "<group>";
		};
		48CAD75A21C6FBDE00F10C87 /* Networking */ = {
			isa = PBXGroup;
			children = (
				48CAD75121C6FB0000F10C87 /* NetworkRequest.swift */,
				48CAD75421C6FB3E00F10C87 /* NetworkError.swift */,
			);
			name = Networking;
			sourceTree = "<group>";
		};
		48CAD75B21C6FC0A00F10C87 /* Extensions */ = {
			isa = PBXGroup;
			children = (
				48CAD74E21C6F8D300F10C87 /* String+Additions.swift */,
				48CAD75721C6FB6800F10C87 /* Dictionary+QueryParams.swift */,
			);
			name = Extensions;
			sourceTree = "<group>";
		};
		F4CAEEA121C74575009E677B /* Models */ = {
			isa = PBXGroup;
			children = (
				F4CAEEA221C7458A009E677B /* FileInfo.swift */,
			);
			name = Models;
			sourceTree = "<group>";
		};
/* End PBXGroup section */

/* Begin PBXNativeTarget section */
		482985FD21C6BFCA0058F246 /* Favart */ = {
			isa = PBXNativeTarget;
			buildConfigurationList = 4829861021C6BFCB0058F246 /* Build configuration list for PBXNativeTarget "Favart" */;
			buildPhases = (
				482985FA21C6BFCA0058F246 /* Sources */,
				482985FB21C6BFCA0058F246 /* Frameworks */,
				482985FC21C6BFCA0058F246 /* Resources */,
				48CAD74C21C6C14900F10C87 /* Embed App Extensions */,
			);
			buildRules = (
			);
			dependencies = (
				48CAD74721C6C14900F10C87 /* PBXTargetDependency */,
			);
			name = Favart;
			productName = Favart;
			productReference = 482985FE21C6BFCA0058F246 /* Favart.app */;
			productType = "com.apple.product-type.application";
		};
		48CAD73B21C6C14900F10C87 /* Provider */ = {
			isa = PBXNativeTarget;
			buildConfigurationList = 48CAD74921C6C14900F10C87 /* Build configuration list for PBXNativeTarget "Provider" */;
			buildPhases = (
				48CAD73821C6C14900F10C87 /* Sources */,
				48CAD73921C6C14900F10C87 /* Frameworks */,
				48CAD73A21C6C14900F10C87 /* Resources */,
			);
			buildRules = (
			);
			dependencies = (
			);
			name = Provider;
			productName = Provider;
			productReference = 48CAD73C21C6C14900F10C87 /* Provider.appex */;
			productType = "com.apple.product-type.app-extension";
		};
/* End PBXNativeTarget section */

/* Begin PBXProject section */
		482985F621C6BFCA0058F246 /* Project object */ = {
			isa = PBXProject;
			attributes = {
				LastSwiftUpdateCheck = 1010;
				LastUpgradeCheck = 1010;
				ORGANIZATIONNAME = "Ryan Ackermann";
				TargetAttributes = {
					482985FD21C6BFCA0058F246 = {
						CreatedOnToolsVersion = 10.1;
					};
					48CAD73B21C6C14900F10C87 = {
						CreatedOnToolsVersion = 10.1;
					};
				};
			};
			buildConfigurationList = 482985F921C6BFCA0058F246 /* Build configuration list for PBXProject "Favart" */;
			compatibilityVersion = "Xcode 9.3";
			developmentRegion = en;
			hasScannedForEncodings = 0;
			knownRegions = (
				en,
				Base,
			);
			mainGroup = 482985F521C6BFCA0058F246;
			productRefGroup = 482985FF21C6BFCA0058F246 /* Products */;
			projectDirPath = "";
			projectRoot = "";
			targets = (
				482985FD21C6BFCA0058F246 /* Favart */,
				48CAD73B21C6C14900F10C87 /* Provider */,
			);
		};
/* End PBXProject section */

/* Begin PBXResourcesBuildPhase section */
		482985FC21C6BFCA0058F246 /* Resources */ = {
			isa = PBXResourcesBuildPhase;
			buildActionMask = 2147483647;
			files = (
				4829860C21C6BFCB0058F246 /* LaunchScreen.storyboard in Resources */,
				F4D3CB6D21CF2EDC001582F2 /* ViewController.xib in Resources */,
				4829860921C6BFCB0058F246 /* Assets.xcassets in Resources */,
			);
			runOnlyForDeploymentPostprocessing = 0;
		};
		48CAD73A21C6C14900F10C87 /* Resources */ = {
			isa = PBXResourcesBuildPhase;
			buildActionMask = 2147483647;
			files = (
			);
			runOnlyForDeploymentPostprocessing = 0;
		};
/* End PBXResourcesBuildPhase section */

/* Begin PBXSourcesBuildPhase section */
		482985FA21C6BFCA0058F246 /* Sources */ = {
			isa = PBXSourcesBuildPhase;
			buildActionMask = 2147483647;
			files = (
				4829860421C6BFCA0058F246 /* ViewController.swift in Sources */,
				4829860221C6BFCA0058F246 /* AppDelegate.swift in Sources */,
				48CAD75221C6FB0000F10C87 /* NetworkRequest.swift in Sources */,
				48CAD74F21C6F8D300F10C87 /* String+Additions.swift in Sources */,
				48CAD75D21C6FC2400F10C87 /* NetworkClient.swift in Sources */,
				F4CAEEA321C7458A009E677B /* FileInfo.swift in Sources */,
				48CAD75821C6FB6800F10C87 /* Dictionary+QueryParams.swift in Sources */,
				48CAD75521C6FB3E00F10C87 /* NetworkError.swift in Sources */,
			);
			runOnlyForDeploymentPostprocessing = 0;
		};
		48CAD73821C6C14900F10C87 /* Sources */ = {
			isa = PBXSourcesBuildPhase;
			buildActionMask = 2147483647;
			files = (
				F4D3CB6B21CF07B2001582F2 /* FileProviderExtension+Actions.swift in Sources */,
				48CAD73F21C6C14900F10C87 /* FileProviderExtension.swift in Sources */,
				48CAD74121C6C14900F10C87 /* FileProviderItem.swift in Sources */,
				48CAD75921C6FB6800F10C87 /* Dictionary+QueryParams.swift in Sources */,
				48CAD75021C6F8D300F10C87 /* String+Additions.swift in Sources */,
				48CAD75621C6FB3E00F10C87 /* NetworkError.swift in Sources */,
				48CAD74321C6C14900F10C87 /* FileProviderEnumerator.swift in Sources */,
				F4CAEEA421C7458A009E677B /* FileInfo.swift in Sources */,
				48CAD75321C6FB0000F10C87 /* NetworkRequest.swift in Sources */,
				48CAD75E21C6FC2400F10C87 /* NetworkClient.swift in Sources */,
			);
			runOnlyForDeploymentPostprocessing = 0;
		};
/* End PBXSourcesBuildPhase section */

/* Begin PBXTargetDependency section */
		48CAD74721C6C14900F10C87 /* PBXTargetDependency */ = {
			isa = PBXTargetDependency;
			target = 48CAD73B21C6C14900F10C87 /* Provider */;
			targetProxy = 48CAD74621C6C14900F10C87 /* PBXContainerItemProxy */;
		};
/* End PBXTargetDependency section */

/* Begin PBXVariantGroup section */
		4829860A21C6BFCB0058F246 /* LaunchScreen.storyboard */ = {
			isa = PBXVariantGroup;
			children = (
				4829860B21C6BFCB0058F246 /* Base */,
			);
			name = LaunchScreen.storyboard;
			sourceTree = "<group>";
		};
/* End PBXVariantGroup section */

/* Begin XCBuildConfiguration section */
		4829860E21C6BFCB0058F246 /* Debug */ = {
			isa = XCBuildConfiguration;
			buildSettings = {
				ALWAYS_SEARCH_USER_PATHS = NO;
				CLANG_ANALYZER_NONNULL = YES;
				CLANG_ANALYZER_NUMBER_OBJECT_CONVERSION = YES_AGGRESSIVE;
				CLANG_CXX_LANGUAGE_STANDARD = "gnu++14";
				CLANG_CXX_LIBRARY = "libc++";
				CLANG_ENABLE_MODULES = YES;
				CLANG_ENABLE_OBJC_ARC = YES;
				CLANG_ENABLE_OBJC_WEAK = YES;
				CLANG_WARN_BLOCK_CAPTURE_AUTORELEASING = YES;
				CLANG_WARN_BOOL_CONVERSION = YES;
				CLANG_WARN_COMMA = YES;
				CLANG_WARN_CONSTANT_CONVERSION = YES;
				CLANG_WARN_DEPRECATED_OBJC_IMPLEMENTATIONS = YES;
				CLANG_WARN_DIRECT_OBJC_ISA_USAGE = YES_ERROR;
				CLANG_WARN_DOCUMENTATION_COMMENTS = YES;
				CLANG_WARN_EMPTY_BODY = YES;
				CLANG_WARN_ENUM_CONVERSION = YES;
				CLANG_WARN_INFINITE_RECURSION = YES;
				CLANG_WARN_INT_CONVERSION = YES;
				CLANG_WARN_NON_LITERAL_NULL_CONVERSION = YES;
				CLANG_WARN_OBJC_IMPLICIT_RETAIN_SELF = YES;
				CLANG_WARN_OBJC_LITERAL_CONVERSION = YES;
				CLANG_WARN_OBJC_ROOT_CLASS = YES_ERROR;
				CLANG_WARN_RANGE_LOOP_ANALYSIS = YES;
				CLANG_WARN_STRICT_PROTOTYPES = YES;
				CLANG_WARN_SUSPICIOUS_MOVE = YES;
				CLANG_WARN_UNGUARDED_AVAILABILITY = YES_AGGRESSIVE;
				CLANG_WARN_UNREACHABLE_CODE = YES;
				CLANG_WARN__DUPLICATE_METHOD_MATCH = YES;
				CODE_SIGN_IDENTITY = "iPhone Developer";
				COPY_PHASE_STRIP = NO;
				DEBUG_INFORMATION_FORMAT = dwarf;
				ENABLE_STRICT_OBJC_MSGSEND = YES;
				ENABLE_TESTABILITY = YES;
				GCC_C_LANGUAGE_STANDARD = gnu11;
				GCC_DYNAMIC_NO_PIC = NO;
				GCC_NO_COMMON_BLOCKS = YES;
				GCC_OPTIMIZATION_LEVEL = 0;
				GCC_PREPROCESSOR_DEFINITIONS = (
					"DEBUG=1",
					"$(inherited)",
				);
				GCC_WARN_64_TO_32_BIT_CONVERSION = YES;
				GCC_WARN_ABOUT_RETURN_TYPE = YES_ERROR;
				GCC_WARN_UNDECLARED_SELECTOR = YES;
				GCC_WARN_UNINITIALIZED_AUTOS = YES_AGGRESSIVE;
				GCC_WARN_UNUSED_FUNCTION = YES;
				GCC_WARN_UNUSED_VARIABLE = YES;
				IPHONEOS_DEPLOYMENT_TARGET = 12.1;
				MTL_ENABLE_DEBUG_INFO = INCLUDE_SOURCE;
				MTL_FAST_MATH = YES;
				ONLY_ACTIVE_ARCH = YES;
				SDKROOT = iphoneos;
				SWIFT_ACTIVE_COMPILATION_CONDITIONS = DEBUG;
				SWIFT_OPTIMIZATION_LEVEL = "-Onone";
			};
			name = Debug;
		};
		4829860F21C6BFCB0058F246 /* Release */ = {
			isa = XCBuildConfiguration;
			buildSettings = {
				ALWAYS_SEARCH_USER_PATHS = NO;
				CLANG_ANALYZER_NONNULL = YES;
				CLANG_ANALYZER_NUMBER_OBJECT_CONVERSION = YES_AGGRESSIVE;
				CLANG_CXX_LANGUAGE_STANDARD = "gnu++14";
				CLANG_CXX_LIBRARY = "libc++";
				CLANG_ENABLE_MODULES = YES;
				CLANG_ENABLE_OBJC_ARC = YES;
				CLANG_ENABLE_OBJC_WEAK = YES;
				CLANG_WARN_BLOCK_CAPTURE_AUTORELEASING = YES;
				CLANG_WARN_BOOL_CONVERSION = YES;
				CLANG_WARN_COMMA = YES;
				CLANG_WARN_CONSTANT_CONVERSION = YES;
				CLANG_WARN_DEPRECATED_OBJC_IMPLEMENTATIONS = YES;
				CLANG_WARN_DIRECT_OBJC_ISA_USAGE = YES_ERROR;
				CLANG_WARN_DOCUMENTATION_COMMENTS = YES;
				CLANG_WARN_EMPTY_BODY = YES;
				CLANG_WARN_ENUM_CONVERSION = YES;
				CLANG_WARN_INFINITE_RECURSION = YES;
				CLANG_WARN_INT_CONVERSION = YES;
				CLANG_WARN_NON_LITERAL_NULL_CONVERSION = YES;
				CLANG_WARN_OBJC_IMPLICIT_RETAIN_SELF = YES;
				CLANG_WARN_OBJC_LITERAL_CONVERSION = YES;
				CLANG_WARN_OBJC_ROOT_CLASS = YES_ERROR;
				CLANG_WARN_RANGE_LOOP_ANALYSIS = YES;
				CLANG_WARN_STRICT_PROTOTYPES = YES;
				CLANG_WARN_SUSPICIOUS_MOVE = YES;
				CLANG_WARN_UNGUARDED_AVAILABILITY = YES_AGGRESSIVE;
				CLANG_WARN_UNREACHABLE_CODE = YES;
				CLANG_WARN__DUPLICATE_METHOD_MATCH = YES;
				CODE_SIGN_IDENTITY = "iPhone Developer";
				COPY_PHASE_STRIP = NO;
				DEBUG_INFORMATION_FORMAT = "dwarf-with-dsym";
				ENABLE_NS_ASSERTIONS = NO;
				ENABLE_STRICT_OBJC_MSGSEND = YES;
				GCC_C_LANGUAGE_STANDARD = gnu11;
				GCC_NO_COMMON_BLOCKS = YES;
				GCC_WARN_64_TO_32_BIT_CONVERSION = YES;
				GCC_WARN_ABOUT_RETURN_TYPE = YES_ERROR;
				GCC_WARN_UNDECLARED_SELECTOR = YES;
				GCC_WARN_UNINITIALIZED_AUTOS = YES_AGGRESSIVE;
				GCC_WARN_UNUSED_FUNCTION = YES;
				GCC_WARN_UNUSED_VARIABLE = YES;
				IPHONEOS_DEPLOYMENT_TARGET = 12.1;
				MTL_ENABLE_DEBUG_INFO = NO;
				MTL_FAST_MATH = YES;
				SDKROOT = iphoneos;
				SWIFT_COMPILATION_MODE = wholemodule;
				SWIFT_OPTIMIZATION_LEVEL = "-O";
				VALIDATE_PRODUCT = YES;
			};
			name = Release;
		};
		4829861121C6BFCB0058F246 /* Debug */ = {
			isa = XCBuildConfiguration;
			buildSettings = {
				ALWAYS_EMBED_SWIFT_STANDARD_LIBRARIES = YES;
				ASSETCATALOG_COMPILER_APPICON_NAME = AppIcon;
				CODE_SIGN_STYLE = Automatic;
				DEVELOPMENT_TEAM = WK4Y48HVH2;
				INFOPLIST_FILE = Favart/Info.plist;
				LD_RUNPATH_SEARCH_PATHS = (
					"$(inherited)",
					"@executable_path/Frameworks",
				);
				PRODUCT_BUNDLE_IDENTIFIER = io.ackermann.Favart;
				PRODUCT_NAME = "$(TARGET_NAME)";
				SWIFT_VERSION = 4.2;
				TARGETED_DEVICE_FAMILY = "1,2";
			};
			name = Debug;
		};
		4829861221C6BFCB0058F246 /* Release */ = {
			isa = XCBuildConfiguration;
			buildSettings = {
				ALWAYS_EMBED_SWIFT_STANDARD_LIBRARIES = YES;
				ASSETCATALOG_COMPILER_APPICON_NAME = AppIcon;
				CODE_SIGN_STYLE = Automatic;
				DEVELOPMENT_TEAM = WK4Y48HVH2;
				INFOPLIST_FILE = Favart/Info.plist;
				LD_RUNPATH_SEARCH_PATHS = (
					"$(inherited)",
					"@executable_path/Frameworks",
				);
				PRODUCT_BUNDLE_IDENTIFIER = io.ackermann.Favart;
				PRODUCT_NAME = "$(TARGET_NAME)";
				SWIFT_VERSION = 4.2;
				TARGETED_DEVICE_FAMILY = "1,2";
			};
			name = Release;
		};
		48CAD74A21C6C14900F10C87 /* Debug */ = {
			isa = XCBuildConfiguration;
			buildSettings = {
				CODE_SIGN_ENTITLEMENTS = Provider/Provider.entitlements;
				CODE_SIGN_STYLE = Automatic;
				DEVELOPMENT_TEAM = WK4Y48HVH2;
				INFOPLIST_FILE = Provider/Info.plist;
				LD_RUNPATH_SEARCH_PATHS = (
					"$(inherited)",
					"@executable_path/Frameworks",
					"@executable_path/../../Frameworks",
				);
				PRODUCT_BUNDLE_IDENTIFIER = io.ackermann.Favart.Provider;
				PRODUCT_NAME = "$(TARGET_NAME)";
				SKIP_INSTALL = YES;
				SWIFT_VERSION = 4.2;
				TARGETED_DEVICE_FAMILY = "1,2";
			};
			name = Debug;
		};
		48CAD74B21C6C14900F10C87 /* Release */ = {
			isa = XCBuildConfiguration;
			buildSettings = {
				CODE_SIGN_ENTITLEMENTS = Provider/Provider.entitlements;
				CODE_SIGN_STYLE = Automatic;
				DEVELOPMENT_TEAM = WK4Y48HVH2;
				INFOPLIST_FILE = Provider/Info.plist;
				LD_RUNPATH_SEARCH_PATHS = (
					"$(inherited)",
					"@executable_path/Frameworks",
					"@executable_path/../../Frameworks",
				);
				PRODUCT_BUNDLE_IDENTIFIER = io.ackermann.Favart.Provider;
				PRODUCT_NAME = "$(TARGET_NAME)";
				SKIP_INSTALL = YES;
				SWIFT_VERSION = 4.2;
				TARGETED_DEVICE_FAMILY = "1,2";
			};
			name = Release;
		};
/* End XCBuildConfiguration section */

/* Begin XCConfigurationList section */
		482985F921C6BFCA0058F246 /* Build configuration list for PBXProject "Favart" */ = {
			isa = XCConfigurationList;
			buildConfigurations = (
				4829860E21C6BFCB0058F246 /* Debug */,
				4829860F21C6BFCB0058F246 /* Release */,
			);
			defaultConfigurationIsVisible = 0;
			defaultConfigurationName = Release;
		};
		4829861021C6BFCB0058F246 /* Build configuration list for PBXNativeTarget "Favart" */ = {
			isa = XCConfigurationList;
			buildConfigurations = (
				4829861121C6BFCB0058F246 /* Debug */,
				4829861221C6BFCB0058F246 /* Release */,
			);
			defaultConfigurationIsVisible = 0;
			defaultConfigurationName = Release;
		};
		48CAD74921C6C14900F10C87 /* Build configuration list for PBXNativeTarget "Provider" */ = {
			isa = XCConfigurationList;
			buildConfigurations = (
				48CAD74A21C6C14900F10C87 /* Debug */,
				48CAD74B21C6C14900F10C87 /* Release */,
			);
			defaultConfigurationIsVisible = 0;
			defaultConfigurationName = Release;
		};
/* End XCConfigurationList section */
	};
	rootObject = 482985F621C6BFCA0058F246 /* Project object */;
}
